
Microsoft Visual Studio Solution File, Format Version 12.00
# Visual Studio 15
VisualStudioVersion = 15.0.27703.2026
MinimumVisualStudioVersion = 10.0.40219.1
Project("{8BC9CEB8-8B4A-11D0-8D11-00A0C91BC942}") = "Purgivision", "Purgivision\Purgivision.vcxproj", "{10FE68EB-5104-488D-9C5A-4AEB89105345}"
EndProject
Global
	GlobalSection(SolutionConfigurationPlatforms) = preSolution
		Debug|x64 = Debug|x64
		Debug|x86 = Debug|x86
		Release|x64 = Release|x64
		Release|x86 = Release|x86
	EndGlobalSection
	GlobalSection(ProjectConfigurationPlatforms) = postSolution
		{10FE68EB-5104-488D-9C5A-4AEB89105345}.Debug|x64.ActiveCfg = Debug|x64
		{10FE68EB-5104-488D-9C5A-4AEB89105345}.Debug|x64.Build.0 = Debug|x64
		{10FE68EB-5104-488D-9C5A-4AEB89105345}.Debug|x86.ActiveCfg = Debug|Win32
		{10FE68EB-5104-488D-9C5A-4AEB89105345}.Debug|x86.Build.0 = Debug|Win32
		{10FE68EB-5104-488D-9C5A-4AEB89105345}.Release|x64.ActiveCfg = Release|x64
		{10FE68EB-5104-488D-9C5A-4AEB89105345}.Release|x64.Build.0 = Release|x64
		{10FE68EB-5104-488D-9C5A-4AEB89105345}.Release|x86.ActiveCfg = Release|Win32
		{10FE68EB-5104-488D-9C5A-4AEB89105345}.Release|x86.Build.0 = Release|Win32
	EndGlobalSection
	GlobalSection(SolutionProperties) = preSolution
		HideSolutionNode = FALSE
	EndGlobalSection
	GlobalSection(ExtensibilityGlobals) = postSolution
		SolutionGuid = {580999B2-E8F9-46BA-9AFD-6E61B8FBB3E6}
	EndGlobalSection
EndGlobal
